// !$*UTF8*$!
{
	archiveVersion = 1;
	classes = {
	};
	objectVersion = 50;
	objects = {

/* Begin PBXBuildFile section */
		4E18EBAE258EA3D100FD44C5 /* AppDelegate.swift in Sources */ = {isa = PBXBuildFile; fileRef = 4E18EBAD258EA3D100FD44C5 /* AppDelegate.swift */; };
		4E18EBB0258EA3D100FD44C5 /* SceneDelegate.swift in Sources */ = {isa = PBXBuildFile; fileRef = 4E18EBAF258EA3D100FD44C5 /* SceneDelegate.swift */; };
		4E18EBB2258EA3D100FD44C5 /* TodoListViewController.swift in Sources */ = {isa = PBXBuildFile; fileRef = 4E18EBB1258EA3D100FD44C5 /* TodoListViewController.swift */; };
		4E18EBB5258EA3D100FD44C5 /* Main.storyboard in Resources */ = {isa = PBXBuildFile; fileRef = 4E18EBB3258EA3D100FD44C5 /* Main.storyboard */; };
		4E18EBB7258EA3D300FD44C5 /* Assets.xcassets in Resources */ = {isa = PBXBuildFile; fileRef = 4E18EBB6258EA3D300FD44C5 /* Assets.xcassets */; };
		4E18EBBA258EA3D300FD44C5 /* LaunchScreen.storyboard in Resources */ = {isa = PBXBuildFile; fileRef = 4E18EBB8258EA3D300FD44C5 /* LaunchScreen.storyboard */; };
		4EE373F0258EAA9C0084856F /* TodoListViewCell.swift in Sources */ = {isa = PBXBuildFile; fileRef = 4EE373EF258EAA9C0084856F /* TodoListViewCell.swift */; };
		4EE373F725949D2B0084856F /* Items.swift in Sources */ = {isa = PBXBuildFile; fileRef = 4EE373F625949D2B0084856F /* Items.swift */; };
/* End PBXBuildFile section */

/* Begin PBXFileReference section */
		4E18EBAA258EA3D100FD44C5 /* TodoList_14.app */ = {isa = PBXFileReference; explicitFileType = wrapper.application; includeInIndex = 0; path = TodoList_14.app; sourceTree = BUILT_PRODUCTS_DIR; };
		4E18EBAD258EA3D100FD44C5 /* AppDelegate.swift */ = {isa = PBXFileReference; lastKnownFileType = sourcecode.swift; path = AppDelegate.swift; sourceTree = "<group>"; };
		4E18EBAF258EA3D100FD44C5 /* SceneDelegate.swift */ = {isa = PBXFileReference; lastKnownFileType = sourcecode.swift; path = SceneDelegate.swift; sourceTree = "<group>"; };
		4E18EBB1258EA3D100FD44C5 /* TodoListViewController.swift */ = {isa = PBXFileReference; lastKnownFileType = sourcecode.swift; path = TodoListViewController.swift; sourceTree = "<group>"; };
		4E18EBB4258EA3D100FD44C5 /* Base */ = {isa = PBXFileReference; lastKnownFileType = file.storyboard; name = Base; path = Base.lproj/Main.storyboard; sourceTree = "<group>"; };
		4E18EBB6258EA3D300FD44C5 /* Assets.xcassets */ = {isa = PBXFileReference; lastKnownFileType = folder.assetcatalog; path = Assets.xcassets; sourceTree = "<group>"; };
		4E18EBB9258EA3D300FD44C5 /* Base */ = {isa = PBXFileReference; lastKnownFileType = file.storyboard; name = Base; path = Base.lproj/LaunchScreen.storyboard; sourceTree = "<group>"; };
		4E18EBBB258EA3D300FD44C5 /* Info.plist */ = {isa = PBXFileReference; lastKnownFileType = text.plist.xml; path = Info.plist; sourceTree = "<group>"; };
		4EE373EF258EAA9C0084856F /* TodoListViewCell.swift */ = {isa = PBXFileReference; lastKnownFileType = sourcecode.swift; path = TodoListViewCell.swift; sourceTree = "<group>"; };
		4EE373F625949D2B0084856F /* Items.swift */ = {isa = PBXFileReference; lastKnownFileType = sourcecode.swift; path = Items.swift; sourceTree = "<group>"; };
/* End PBXFileReference section */

/* Begin PBXFrameworksBuildPhase section */
		4E18EBA7258EA3D100FD44C5 /* Frameworks */ = {
			isa = PBXFrameworksBuildPhase;
			buildActionMask = 2147483647;
			files = (
			);
			runOnlyForDeploymentPostprocessing = 0;
		};
/* End PBXFrameworksBuildPhase section */

/* Begin PBXGroup section */
		4E18EBA1258EA3D100FD44C5 = {
			isa = PBXGroup;
			children = (
				4E18EBAC258EA3D100FD44C5 /* TodoList_14 */,
				4E18EBAB258EA3D100FD44C5 /* Products */,
			);
			sourceTree = "<group>";
		};
		4E18EBAB258EA3D100FD44C5 /* Products */ = {
			isa = PBXGroup;
			children = (
				4E18EBAA258EA3D100FD44C5 /* TodoList_14.app */,
			);
			name = Products;
			sourceTree = "<group>";
		};
		4E18EBAC258EA3D100FD44C5 /* TodoList_14 */ = {
			isa = PBXGroup;
			children = (
				4EE373F92594A0EB0084856F /* Delegates */,
				4EE373FC2594A1060084856F /* Controllers */,
				4EE373FB2594A0F70084856F /* Storyboards */,
				4E18EBB6258EA3D300FD44C5 /* Assets.xcassets */,
				4EE374012594A1410084856F /* Supporting Files */,
				4EE373FE2594A10E0084856F /* Views */,
				4EE374002594A1150084856F /* Data Model */,
			);
			path = TodoList_14;
			sourceTree = "<group>";
		};
		4EE373F92594A0EB0084856F /* Delegates */ = {
			isa = PBXGroup;
			children = (
				4E18EBAD258EA3D100FD44C5 /* AppDelegate.swift */,
				4E18EBAF258EA3D100FD44C5 /* SceneDelegate.swift */,
			);
			path = Delegates;
			sourceTree = "<group>";
		};
		4EE373FB2594A0F70084856F /* Storyboards */ = {
			isa = PBXGroup;
			children = (
				4E18EBB3258EA3D100FD44C5 /* Main.storyboard */,
				4E18EBB8258EA3D300FD44C5 /* LaunchScreen.storyboard */,
			);
			path = Storyboards;
			sourceTree = "<group>";
		};
		4EE373FC2594A1060084856F /* Controllers */ = {
			isa = PBXGroup;
			children = (
				4E18EBB1258EA3D100FD44C5 /* TodoListViewController.swift */,
			);
			path = Controllers;
			sourceTree = "<group>";
		};
		4EE373FE2594A10E0084856F /* Views */ = {
			isa = PBXGroup;
			children = (
				4EE373EF258EAA9C0084856F /* TodoListViewCell.swift */,
			);
			path = Views;
			sourceTree = "<group>";
		};
		4EE374002594A1150084856F /* Data Model */ = {
			isa = PBXGroup;
			children = (
				4EE373F625949D2B0084856F /* Items.swift */,
			);
			path = "Data Model";
			sourceTree = "<group>";
		};
		4EE374012594A1410084856F /* Supporting Files */ = {
			isa = PBXGroup;
			children = (
				4E18EBBB258EA3D300FD44C5 /* Info.plist */,
			);
			path = "Supporting Files";
			sourceTree = "<group>";
		};
/* End PBXGroup section */

/* Begin PBXNativeTarget section */
		4E18EBA9258EA3D100FD44C5 /* TodoList_14 */ = {
			isa = PBXNativeTarget;
			buildConfigurationList = 4E18EBBE258EA3D300FD44C5 /* Build configuration list for PBXNativeTarget "TodoList_14" */;
			buildPhases = (
				4E18EBA6258EA3D100FD44C5 /* Sources */,
				4E18EBA7258EA3D100FD44C5 /* Frameworks */,
				4E18EBA8258EA3D100FD44C5 /* Resources */,
			);
			buildRules = (
			);
			dependencies = (
			);
			name = TodoList_14;
			productName = TodoList_14;
			productReference = 4E18EBAA258EA3D100FD44C5 /* TodoList_14.app */;
			productType = "com.apple.product-type.application";
		};
/* End PBXNativeTarget section */

/* Begin PBXProject section */
		4E18EBA2258EA3D100FD44C5 /* Project object */ = {
			isa = PBXProject;
			attributes = {
				LastSwiftUpdateCheck = 1210;
				LastUpgradeCheck = 1210;
				TargetAttributes = {
					4E18EBA9258EA3D100FD44C5 = {
						CreatedOnToolsVersion = 12.1;
					};
				};
			};
			buildConfigurationList = 4E18EBA5258EA3D100FD44C5 /* Build configuration list for PBXProject "TodoList_14" */;
			compatibilityVersion = "Xcode 9.3";
			developmentRegion = en;
			hasScannedForEncodings = 0;
			knownRegions = (
				en,
				Base,
			);
			mainGroup = 4E18EBA1258EA3D100FD44C5;
			productRefGroup = 4E18EBAB258EA3D100FD44C5 /* Products */;
			projectDirPath = "";
			projectRoot = "";
			targets = (
				4E18EBA9258EA3D100FD44C5 /* TodoList_14 */,
			);
		};
/* End PBXProject section */

/* Begin PBXResourcesBuildPhase section */
		4E18EBA8258EA3D100FD44C5 /* Resources */ = {
			isa = PBXResourcesBuildPhase;
			buildActionMask = 2147483647;
			files = (
				4E18EBBA258EA3D300FD44C5 /* LaunchScreen.storyboard in Resources */,
				4E18EBB7258EA3D300FD44C5 /* Assets.xcassets in Resources */,
				4E18EBB5258EA3D100FD44C5 /* Main.storyboard in Resources */,
			);
			runOnlyForDeploymentPostprocessing = 0;
		};
/* End PBXResourcesBuildPhase section */

/* Begin PBXSourcesBuildPhase section */
		4E18EBA6258EA3D100FD44C5 /* Sources */ = {
			isa = PBXSourcesBuildPhase;
			buildActionMask = 2147483647;
			files = (
				4E18EBB2258EA3D100FD44C5 /* TodoListViewController.swift in Sources */,
				4EE373F725949D2B0084856F /* Items.swift in Sources */,
				4E18EBAE258EA3D100FD44C5 /* AppDelegate.swift in Sources */,
				4EE373F0258EAA9C0084856F /* TodoListViewCell.swift in Sources */,
				4E18EBB0258EA3D100FD44C5 /* SceneDelegate.swift in Sources */,
			);
			runOnlyForDeploymentPostprocessing = 0;
		};
/* End PBXSourcesBuildPhase section */

/* Begin PBXVariantGroup section */
		4E18EBB3258EA3D100FD44C5 /* Main.storyboard */ = {
			isa = PBXVariantGroup;
			children = (
				4E18EBB4258EA3D100FD44C5 /* Base */,
			);
			name = Main.storyboard;
			sourceTree = "<group>";
		};
		4E18EBB8258EA3D300FD44C5 /* LaunchScreen.storyboard */ = {
			isa = PBXVariantGroup;
			children = (
				4E18EBB9258EA3D300FD44C5 /* Base */,
			);
			name = LaunchScreen.storyboard;
			sourceTree = "<group>";
		};
/* End PBXVariantGroup section */

/* Begin XCBuildConfiguration section */
		4E18EBBC258EA3D300FD44C5 /* Debug */ = {
			isa = XCBuildConfiguration;
			buildSettings = {
				ALWAYS_SEARCH_USER_PATHS = NO;
				CLANG_ANALYZER_NONNULL = YES;
				CLANG_ANALYZER_NUMBER_OBJECT_CONVERSION = YES_AGGRESSIVE;
				CLANG_CXX_LANGUAGE_STANDARD = "gnu++14";
				CLANG_CXX_LIBRARY = "libc++";
				CLANG_ENABLE_MODULES = YES;
				CLANG_ENABLE_OBJC_ARC = YES;
				CLANG_ENABLE_OBJC_WEAK = YES;
				CLANG_WARN_BLOCK_CAPTURE_AUTORELEASING = YES;
				CLANG_WARN_BOOL_CONVERSION = YES;
				CLANG_WARN_COMMA = YES;
				CLANG_WARN_CONSTANT_CONVERSION = YES;
				CLANG_WARN_DEPRECATED_OBJC_IMPLEMENTATIONS = YES;
				CLANG_WARN_DIRECT_OBJC_ISA_USAGE = YES_ERROR;
				CLANG_WARN_DOCUMENTATION_COMMENTS = YES;
				CLANG_WARN_EMPTY_BODY = YES;
				CLANG_WARN_ENUM_CONVERSION = YES;
				CLANG_WARN_INFINITE_RECURSION = YES;
				CLANG_WARN_INT_CONVERSION = YES;
				CLANG_WARN_NON_LITERAL_NULL_CONVERSION = YES;
				CLANG_WARN_OBJC_IMPLICIT_RETAIN_SELF = YES;
				CLANG_WARN_OBJC_LITERAL_CONVERSION = YES;
				CLANG_WARN_OBJC_ROOT_CLASS = YES_ERROR;
				CLANG_WARN_QUOTED_INCLUDE_IN_FRAMEWORK_HEADER = YES;
				CLANG_WARN_RANGE_LOOP_ANALYSIS = YES;
				CLANG_WARN_STRICT_PROTOTYPES = YES;
				CLANG_WARN_SUSPICIOUS_MOVE = YES;
				CLANG_WARN_UNGUARDED_AVAILABILITY = YES_AGGRESSIVE;
				CLANG_WARN_UNREACHABLE_CODE = YES;
				CLANG_WARN__DUPLICATE_METHOD_MATCH = YES;
				COPY_PHASE_STRIP = NO;
				DEBUG_INFORMATION_FORMAT = dwarf;
				ENABLE_STRICT_OBJC_MSGSEND = YES;
				ENABLE_TESTABILITY = YES;
				GCC_C_LANGUAGE_STANDARD = gnu11;
				GCC_DYNAMIC_NO_PIC = NO;
				GCC_NO_COMMON_BLOCKS = YES;
				GCC_OPTIMIZATION_LEVEL = 0;
				GCC_PREPROCESSOR_DEFINITIONS = (
					"DEBUG=1",
					"$(inherited)",
				);
				GCC_WARN_64_TO_32_BIT_CONVERSION = YES;
				GCC_WARN_ABOUT_RETURN_TYPE = YES_ERROR;
				GCC_WARN_UNDECLARED_SELECTOR = YES;
				GCC_WARN_UNINITIALIZED_AUTOS = YES_AGGRESSIVE;
				GCC_WARN_UNUSED_FUNCTION = YES;
				GCC_WARN_UNUSED_VARIABLE = YES;
				IPHONEOS_DEPLOYMENT_TARGET = 14.1;
				MTL_ENABLE_DEBUG_INFO = INCLUDE_SOURCE;
				MTL_FAST_MATH = YES;
				ONLY_ACTIVE_ARCH = YES;
				SDKROOT = iphoneos;
				SWIFT_ACTIVE_COMPILATION_CONDITIONS = DEBUG;
				SWIFT_OPTIMIZATION_LEVEL = "-Onone";
			};
			name = Debug;
		};
		4E18EBBD258EA3D300FD44C5 /* Release */ = {
			isa = XCBuildConfiguration;
			buildSettings = {
				ALWAYS_SEARCH_USER_PATHS = NO;
				CLANG_ANALYZER_NONNULL = YES;
				CLANG_ANALYZER_NUMBER_OBJECT_CONVERSION = YES_AGGRESSIVE;
				CLANG_CXX_LANGUAGE_STANDARD = "gnu++14";
				CLANG_CXX_LIBRARY = "libc++";
				CLANG_ENABLE_MODULES = YES;
				CLANG_ENABLE_OBJC_ARC = YES;
				CLANG_ENABLE_OBJC_WEAK = YES;
				CLANG_WARN_BLOCK_CAPTURE_AUTORELEASING = YES;
				CLANG_WARN_BOOL_CONVERSION = YES;
				CLANG_WARN_COMMA = YES;
				CLANG_WARN_CONSTANT_CONVERSION = YES;
				CLANG_WARN_DEPRECATED_OBJC_IMPLEMENTATIONS = YES;
				CLANG_WARN_DIRECT_OBJC_ISA_USAGE = YES_ERROR;
				CLANG_WARN_DOCUMENTATION_COMMENTS = YES;
				CLANG_WARN_EMPTY_BODY = YES;
				CLANG_WARN_ENUM_CONVERSION = YES;
				CLANG_WARN_INFINITE_RECURSION = YES;
				CLANG_WARN_INT_CONVERSION = YES;
				CLANG_WARN_NON_LITERAL_NULL_CONVERSION = YES;
				CLANG_WARN_OBJC_IMPLICIT_RETAIN_SELF = YES;
				CLANG_WARN_OBJC_LITERAL_CONVERSION = YES;
				CLANG_WARN_OBJC_ROOT_CLASS = YES_ERROR;
				CLANG_WARN_QUOTED_INCLUDE_IN_FRAMEWORK_HEADER = YES;
				CLANG_WARN_RANGE_LOOP_ANALYSIS = YES;
				CLANG_WARN_STRICT_PROTOTYPES = YES;
				CLANG_WARN_SUSPICIOUS_MOVE = YES;
				CLANG_WARN_UNGUARDED_AVAILABILITY = YES_AGGRESSIVE;
				CLANG_WARN_UNREACHABLE_CODE = YES;
				CLANG_WARN__DUPLICATE_METHOD_MATCH = YES;
				COPY_PHASE_STRIP = NO;
				DEBUG_INFORMATION_FORMAT = "dwarf-with-dsym";
				ENABLE_NS_ASSERTIONS = NO;
				ENABLE_STRICT_OBJC_MSGSEND = YES;
				GCC_C_LANGUAGE_STANDARD = gnu11;
				GCC_NO_COMMON_BLOCKS = YES;
				GCC_WARN_64_TO_32_BIT_CONVERSION = YES;
				GCC_WARN_ABOUT_RETURN_TYPE = YES_ERROR;
				GCC_WARN_UNDECLARED_SELECTOR = YES;
				GCC_WARN_UNINITIALIZED_AUTOS = YES_AGGRESSIVE;
				GCC_WARN_UNUSED_FUNCTION = YES;
				GCC_WARN_UNUSED_VARIABLE = YES;
				IPHONEOS_DEPLOYMENT_TARGET = 14.1;
				MTL_ENABLE_DEBUG_INFO = NO;
				MTL_FAST_MATH = YES;
				SDKROOT = iphoneos;
				SWIFT_COMPILATION_MODE = wholemodule;
				SWIFT_OPTIMIZATION_LEVEL = "-O";
				VALIDATE_PRODUCT = YES;
			};
			name = Release;
		};
		4E18EBBF258EA3D300FD44C5 /* Debug */ = {
			isa = XCBuildConfiguration;
			buildSettings = {
				ASSETCATALOG_COMPILER_APPICON_NAME = AppIcon;
				ASSETCATALOG_COMPILER_GLOBAL_ACCENT_COLOR_NAME = AccentColor;
				CODE_SIGN_STYLE = Automatic;
				DEVELOPMENT_TEAM = P43ZS29WU7;
				INFOPLIST_FILE = "TodoList_14/Supporting Files/Info.plist";
				LD_RUNPATH_SEARCH_PATHS = (
					"$(inherited)",
					"@executable_path/Frameworks",
				);
				PRODUCT_BUNDLE_IDENTIFIER = "com.mathieuchelim.TodoList-14";
				PRODUCT_NAME = "$(TARGET_NAME)";
				SWIFT_VERSION = 5.0;
				TARGETED_DEVICE_FAMILY = "1,2";
			};
			name = Debug;
		};
		4E18EBC0258EA3D300FD44C5 /* Release */ = {
			isa = XCBuildConfiguration;
			buildSettings = {
				ASSETCATALOG_COMPILER_APPICON_NAME = AppIcon;
				ASSETCATALOG_COMPILER_GLOBAL_ACCENT_COLOR_NAME = AccentColor;
				CODE_SIGN_STYLE = Automatic;
				DEVELOPMENT_TEAM = P43ZS29WU7;
				INFOPLIST_FILE = "TodoList_14/Supporting Files/Info.plist";
				LD_RUNPATH_SEARCH_PATHS = (
					"$(inherited)",
					"@executable_path/Frameworks",
				);
				PRODUCT_BUNDLE_IDENTIFIER = "com.mathieuchelim.TodoList-14";
				PRODUCT_NAME = "$(TARGET_NAME)";
				SWIFT_VERSION = 5.0;
				TARGETED_DEVICE_FAMILY = "1,2";
			};
			name = Release;
		};
/* End XCBuildConfiguration section */

/* Begin XCConfigurationList section */
		4E18EBA5258EA3D100FD44C5 /* Build configuration list for PBXProject "TodoList_14" */ = {
			isa = XCConfigurationList;
			buildConfigurations = (
				4E18EBBC258EA3D300FD44C5 /* Debug */,
				4E18EBBD258EA3D300FD44C5 /* Release */,
			);
			defaultConfigurationIsVisible = 0;
			defaultConfigurationName = Release;
		};
		4E18EBBE258EA3D300FD44C5 /* Build configuration list for PBXNativeTarget "TodoList_14" */ = {
			isa = XCConfigurationList;
			buildConfigurations = (
				4E18EBBF258EA3D300FD44C5 /* Debug */,
				4E18EBC0258EA3D300FD44C5 /* Release */,
			);
			defaultConfigurationIsVisible = 0;
			defaultConfigurationName = Release;
		};
/* End XCConfigurationList section */
	};
	rootObject = 4E18EBA2258EA3D100FD44C5 /* Project object */;
}
